{
  "name": "portfolio-virtmod",
  "lockfileVersion": 3,
  "requires": true,
  "packages": {
    "": {
      "name": "portfolio-virtmod",
      "devDependencies": {
        "@moonrepo/cli": "latest",
        "prettier": "^3.7.4"
      },
      "engines": {
        "node": ">=20.18.0"
      }
    },
    "node_modules/@moonrepo/cli": {
      "version": "1.41.7",
      "resolved": "https://registry.npmjs.org/@moonrepo/cli/-/cli-1.41.7.tgz",
      "integrity": "sha512-zZdE/2m/V/33B3DZOhsuNwRPme+WZiEpggcK6N2og6FCezD/4AxNjc9uZNPBAj2qaDFl3Q+bgtfrHBjdKy4ilg==",
      "dev": true,
      "license": "MIT",
      "dependencies": {
        "detect-libc": "^2.0.4"
      },
      "bin": {
        "moon": "moon.js"
      },
      "optionalDependencies": {
        "@moonrepo/core-linux-arm64-gnu": "1.41.7",
        "@moonrepo/core-linux-arm64-musl": "1.41.7",
        "@moonrepo/core-linux-x64-gnu": "1.41.7",
        "@moonrepo/core-linux-x64-musl": "1.41.7",
        "@moonrepo/core-macos-arm64": "1.41.7",
        "@moonrepo/core-macos-x64": "1.41.7",
        "@moonrepo/core-windows-x64-msvc": "1.41.7"
      }
    },
    "node_modules/@moonrepo/core-linux-arm64-gnu": {
      "version": "1.41.7",
      "resolved": "https://registry.npmjs.org/@moonrepo/core-linux-arm64-gnu/-/core-linux-arm64-gnu-1.41.7.tgz",
      "integrity": "sha512-Opa+jmNLYsHMRlJcmIn78kKY+76CT/93BvynxuMICPfaQqJTAR/5WPGre1omehGlkg5rbiVshsNTiaa+2bHzpA==",
      "cpu": [
        "arm64"
      ],
      "dev": true,
      "license": "MIT",
      "optional": true,
      "os": [
        "linux"
      ]
    },
    "node_modules/@moonrepo/core-linux-arm64-musl": {
      "version": "1.41.7",
      "resolved": "https://registry.npmjs.org/@moonrepo/core-linux-arm64-musl/-/core-linux-arm64-musl-1.41.7.tgz",
      "integrity": "sha512-0ipCRwg75iFWfsjxIYY9IAm/cMoUy9iUk/qs2+JhruFeDrY6tCdV9Nyo8F2h45WC+/2qwZ7IMEdfWNPJT0TSyA==",
      "cpu": [
        "arm64"
      ],
      "dev": true,
      "license": "MIT",
      "optional": true,
      "os": [
        "linux"
      ]
    },
    "node_modules/@moonrepo/core-linux-x64-gnu": {
      "version": "1.41.7",
      "resolved": "https://registry.npmjs.org/@moonrepo/core-linux-x64-gnu/-/core-linux-x64-gnu-1.41.7.tgz",
      "integrity": "sha512-iHLaZF0ryKhFTf5G/dFrQHPEFII9p88pXXUl17U9tjfeziFyksbdkQrZhNv6sfbE0bDJGPA3H5TEMR93ZwXo/A==",
      "cpu": [
        "x64"
      ],
      "dev": true,
      "license": "MIT",
      "optional": true,
      "os": [
        "linux"
      ]
    },
    "node_modules/@moonrepo/core-linux-x64-musl": {
      "version": "1.41.7",
      "resolved": "https://registry.npmjs.org/@moonrepo/core-linux-x64-musl/-/core-linux-x64-musl-1.41.7.tgz",
      "integrity": "sha512-0nZMjOBBSGHNUSIGcCBrfxgKVmeZQjmXpeMVfO3YG9e2irFR2neHbNIud6vLapC+StgV2UbrKoExR+HRtoyzuA==",
      "cpu": [
        "x64"
      ],
      "dev": true,
      "license": "MIT",
      "optional": true,
      "os": [
        "linux"
      ]
    },
    "node_modules/@moonrepo/core-macos-arm64": {
      "version": "1.41.7",
      "resolved": "https://registry.npmjs.org/@moonrepo/core-macos-arm64/-/core-macos-arm64-1.41.7.tgz",
      "integrity": "sha512-Z6okifZS8MA6aXFQ1q/Ej45aAq6i2riDgqWB9CmBVqV7JIdJMLP4++ir+FqGu9S0G34SFgspV0g+mrfFgR+/Nw==",
      "cpu": [
        "arm64"
      ],
      "dev": true,
      "license": "MIT",
      "optional": true,
      "os": [
        "darwin"
      ]
    },
    "node_modules/@moonrepo/core-macos-x64": {
      "version": "1.41.7",
      "resolved": "https://registry.npmjs.org/@moonrepo/core-macos-x64/-/core-macos-x64-1.41.7.tgz",
      "integrity": "sha512-mOHO4/Ag331oVAxg1QNfaWCNfrKdy6HsUJXNY11ERvpNsi0Fh+qnZ+if3ZiC9jwUdwjw2MvtCRxrlXgtI/shrQ==",
      "cpu": [
        "x64"
      ],
      "dev": true,
      "license": "MIT",
      "optional": true,
      "os": [
        "darwin"
      ]
    },
    "node_modules/@moonrepo/core-windows-x64-msvc": {
      "version": "1.41.7",
      "resolved": "https://registry.npmjs.org/@moonrepo/core-windows-x64-msvc/-/core-windows-x64-msvc-1.41.7.tgz",
      "integrity": "sha512-p7CiKyWh4j1lhdF81vcacQmgPLV/di3nU5QXjg1lL2mF296HMx4H8sOlcxD/RieGfFW0Qfg5zIreugCHCNUCeA==",
      "cpu": [
        "x64"
      ],
      "dev": true,
      "license": "MIT",
      "optional": true,
      "os": [
        "win32"
      ]
    },
    "node_modules/detect-libc": {
      "version": "2.1.2",
      "resolved": "https://registry.npmjs.org/detect-libc/-/detect-libc-2.1.2.tgz",
      "integrity": "sha512-Btj2BOOO83o3WyH59e8MgXsxEQVcarkUOpEYrubB0urwnN10yQ364rsiByU11nZlqWYZm05i/of7io4mzihBtQ==",
      "dev": true,
      "license": "Apache-2.0",
      "engines": {
        "node": ">=8"
      }
    },
    "node_modules/prettier": {
      "version": "3.7.4",
      "resolved": "https://registry.npmjs.org/prettier/-/prettier-3.7.4.tgz",
      "integrity": "sha512-v6UNi1+3hSlVvv8fSaoUbggEM5VErKmmpGA7Pl3HF8V6uKY7rvClBOJlH6yNwQtfTueNkGVpOv/mtWL9L4bgRA==",
      "dev": true,
      "license": "MIT",
      "bin": {
        "prettier": "bin/prettier.cjs"
      },
      "engines": {
        "node": ">=14"
      },
      "funding": {
        "url": "https://github.com/prettier/prettier?sponsor=1"
      }
    }
  }
}
